
Microsoft Visual Studio Solution File, Format Version 12.00
# Visual Studio Version 17
VisualStudioVersion = 17.12.35707.178
MinimumVisualStudioVersion = 10.0.40219.1
Project("{FAE04EC0-301F-11D3-BF4B-00C04F79EFBC}") = "Candy_Sweets.Server", "Candy_Sweets.Server\Candy_Sweets.Server.csproj", "{D3BC51CE-721B-4DBE-ACEF-BD2C0F12798B}"
EndProject
Project("{54A90642-561A-4BB1-A94E-469ADEE60C69}") = "candy_sweets.client", "candy_sweets.client\candy_sweets.client.esproj", "{079EFC66-3BF6-4038-9BCF-9523A4917C65}"
EndProject
Global
	GlobalSection(SolutionConfigurationPlatforms) = preSolution
		Debug|Any CPU = Debug|Any CPU
		Release|Any CPU = Release|Any CPU
	EndGlobalSection
	GlobalSection(ProjectConfigurationPlatforms) = postSolution
		{D3BC51CE-721B-4DBE-ACEF-BD2C0F12798B}.Debug|Any CPU.ActiveCfg = Debug|Any CPU
		{D3BC51CE-721B-4DBE-ACEF-BD2C0F12798B}.Debug|Any CPU.Build.0 = Debug|Any CPU
		{D3BC51CE-721B-4DBE-ACEF-BD2C0F12798B}.Release|Any CPU.ActiveCfg = Release|Any CPU
		{D3BC51CE-721B-4DBE-ACEF-BD2C0F12798B}.Release|Any CPU.Build.0 = Release|Any CPU
		{079EFC66-3BF6-4038-9BCF-9523A4917C65}.Debug|Any CPU.ActiveCfg = Debug|Any CPU
		{079EFC66-3BF6-4038-9BCF-9523A4917C65}.Debug|Any CPU.Build.0 = Debug|Any CPU
		{079EFC66-3BF6-4038-9BCF-9523A4917C65}.Debug|Any CPU.Deploy.0 = Debug|Any CPU
		{079EFC66-3BF6-4038-9BCF-9523A4917C65}.Release|Any CPU.ActiveCfg = Release|Any CPU
		{079EFC66-3BF6-4038-9BCF-9523A4917C65}.Release|Any CPU.Build.0 = Release|Any CPU
		{079EFC66-3BF6-4038-9BCF-9523A4917C65}.Release|Any CPU.Deploy.0 = Release|Any CPU
	EndGlobalSection
	GlobalSection(SolutionProperties) = preSolution
		HideSolutionNode = FALSE
	EndGlobalSection
EndGlobal
